// !$*UTF8*$!
{
	archiveVersion = 1;
	classes = {
	};
	objectVersion = 56;
	objects = {

/* Begin PBXBuildFile section */
		610058912A501E0B00E8732C /* PhotosTableViewCell.swift in Sources */ = {isa = PBXBuildFile; fileRef = 610058902A501E0B00E8732C /* PhotosTableViewCell.swift */; };
		610058932A50231500E8732C /* Photos.swift in Sources */ = {isa = PBXBuildFile; fileRef = 610058922A50231500E8732C /* Photos.swift */; };
		610058952A51677A00E8732C /* PhotosViewController.swift in Sources */ = {isa = PBXBuildFile; fileRef = 610058942A51677A00E8732C /* PhotosViewController.swift */; };
		610058972A516B6700E8732C /* PhotosCollectionViewCell.swift in Sources */ = {isa = PBXBuildFile; fileRef = 610058962A516B6700E8732C /* PhotosCollectionViewCell.swift */; };
		610BE1B72A265BCB005E7CD1 /* AppDelegate.swift in Sources */ = {isa = PBXBuildFile; fileRef = 610BE1B62A265BCB005E7CD1 /* AppDelegate.swift */; };
		610BE1B92A265BCB005E7CD1 /* SceneDelegate.swift in Sources */ = {isa = PBXBuildFile; fileRef = 610BE1B82A265BCB005E7CD1 /* SceneDelegate.swift */; };
		610BE1C02A265BCD005E7CD1 /* Assets.xcassets in Resources */ = {isa = PBXBuildFile; fileRef = 610BE1BF2A265BCD005E7CD1 /* Assets.xcassets */; };
		610BE1C32A265BCD005E7CD1 /* LaunchScreen.storyboard in Resources */ = {isa = PBXBuildFile; fileRef = 610BE1C12A265BCD005E7CD1 /* LaunchScreen.storyboard */; };
		610BE1CB2A26FCCA005E7CD1 /* FeedViewController.swift in Sources */ = {isa = PBXBuildFile; fileRef = 610BE1CA2A26FCCA005E7CD1 /* FeedViewController.swift */; };
		610BE1CD2A26FCEE005E7CD1 /* ProfileViewController.swift in Sources */ = {isa = PBXBuildFile; fileRef = 610BE1CC2A26FCEE005E7CD1 /* ProfileViewController.swift */; };
		610BE1CF2A2790B8005E7CD1 /* PostViewController.swift in Sources */ = {isa = PBXBuildFile; fileRef = 610BE1CE2A2790B8005E7CD1 /* PostViewController.swift */; };
		610BE1D32A2B54FE005E7CD1 /* InfoViewController.swift in Sources */ = {isa = PBXBuildFile; fileRef = 610BE1D22A2B54FE005E7CD1 /* InfoViewController.swift */; };
		610D2F2F2AAD91BD0002DECC /* CustomButton.swift in Sources */ = {isa = PBXBuildFile; fileRef = 610D2F2E2AAD91BD0002DECC /* CustomButton.swift */; };
		610D2F312AADB0900002DECC /* FeedModel.swift in Sources */ = {isa = PBXBuildFile; fileRef = 610D2F302AADB0900002DECC /* FeedModel.swift */; };
		610D2F342AB9A13E0002DECC /* MainCoordinator.swift in Sources */ = {isa = PBXBuildFile; fileRef = 610D2F332AB9A13E0002DECC /* MainCoordinator.swift */; };
		610D2F362AB9A1C60002DECC /* MainTabBarController.swift in Sources */ = {isa = PBXBuildFile; fileRef = 610D2F352AB9A1C60002DECC /* MainTabBarController.swift */; };
		610D2F392AB9A20D0002DECC /* FactoryTab.swift in Sources */ = {isa = PBXBuildFile; fileRef = 610D2F382AB9A20D0002DECC /* FactoryTab.swift */; };
		610D2F3B2AB9A32F0002DECC /* FeedCoordinator.swift in Sources */ = {isa = PBXBuildFile; fileRef = 610D2F3A2AB9A32F0002DECC /* FeedCoordinator.swift */; };
		610D2F3D2AB9A6CA0002DECC /* ProfileCoordinator.swift in Sources */ = {isa = PBXBuildFile; fileRef = 610D2F3C2AB9A6CA0002DECC /* ProfileCoordinator.swift */; };
		610D2F3F2AB9A8160002DECC /* ProfileModel.swift in Sources */ = {isa = PBXBuildFile; fileRef = 610D2F3E2AB9A8160002DECC /* ProfileModel.swift */; };
		610D2F412AB9B28D0002DECC /* FeedViewModel.swift in Sources */ = {isa = PBXBuildFile; fileRef = 610D2F402AB9B28D0002DECC /* FeedViewModel.swift */; };
		610D2F432AB9BBCB0002DECC /* ProfileViewModel.swift in Sources */ = {isa = PBXBuildFile; fileRef = 610D2F422AB9BBCB0002DECC /* ProfileViewModel.swift */; };
		610D2F452AB9C4650002DECC /* ExtensionUIViewController.swift in Sources */ = {isa = PBXBuildFile; fileRef = 610D2F442AB9C4650002DECC /* ExtensionUIViewController.swift */; };
		615B8ECD2A7E232600EC58C4 /* StorageService.h in Headers */ = {isa = PBXBuildFile; fileRef = 615B8ECC2A7E232600EC58C4 /* StorageService.h */; settings = {ATTRIBUTES = (Public, ); }; };
		615B8ED02A7E232600EC58C4 /* StorageService.framework in Frameworks */ = {isa = PBXBuildFile; fileRef = 615B8ECA2A7E232600EC58C4 /* StorageService.framework */; };
		615B8ED12A7E232600EC58C4 /* StorageService.framework in Embed Frameworks */ = {isa = PBXBuildFile; fileRef = 615B8ECA2A7E232600EC58C4 /* StorageService.framework */; settings = {ATTRIBUTES = (CodeSignOnCopy, RemoveHeadersOnCopy, ); }; };
		615B8ED62A7E235300EC58C4 /* Post.swift in Sources */ = {isa = PBXBuildFile; fileRef = 610BE1D02A27BF19005E7CD1 /* Post.swift */; };
		615B8EDB2A7F8AD400EC58C4 /* User.swift in Sources */ = {isa = PBXBuildFile; fileRef = 615B8EDA2A7F8AD400EC58C4 /* User.swift */; };
		615B8EDD2A7F8CF100EC58C4 /* CurrentUserService.swift in Sources */ = {isa = PBXBuildFile; fileRef = 615B8EDC2A7F8CF100EC58C4 /* CurrentUserService.swift */; };
		615B8EDF2A7F9EF000EC58C4 /* TestUserService.swift in Sources */ = {isa = PBXBuildFile; fileRef = 615B8EDE2A7F9EF000EC58C4 /* TestUserService.swift */; };
		6171BE092A3B29BF00905F63 /* PostTableViewCell.swift in Sources */ = {isa = PBXBuildFile; fileRef = 6171BE082A3B29BF00905F63 /* PostTableViewCell.swift */; };
		617CCBF92A39851E002AA4EB /* LogInViewController.swift in Sources */ = {isa = PBXBuildFile; fileRef = 617CCBF82A39851E002AA4EB /* LogInViewController.swift */; };
		617CCBFB2A3A093B002AA4EB /* UserInfo.swift in Sources */ = {isa = PBXBuildFile; fileRef = 617CCBFA2A3A093B002AA4EB /* UserInfo.swift */; };
		61EAE6FE2A8D136A004DBCF8 /* Checker.swift in Sources */ = {isa = PBXBuildFile; fileRef = 61EAE6FD2A8D136A004DBCF8 /* Checker.swift */; };
		61EAE7042A91E22E004DBCF8 /* iOSIntPackage in Frameworks */ = {isa = PBXBuildFile; productRef = 61EAE7032A91E22E004DBCF8 /* iOSIntPackage */; };
		61F130422A30A96200E27506 /* ProfileHeaderView.swift in Sources */ = {isa = PBXBuildFile; fileRef = 61F130412A30A96200E27506 /* ProfileHeaderView.swift */; };
/* End PBXBuildFile section */

/* Begin PBXContainerItemProxy section */
		615B8ECE2A7E232600EC58C4 /* PBXContainerItemProxy */ = {
			isa = PBXContainerItemProxy;
			containerPortal = 610BE1AB2A265BCB005E7CD1 /* Project object */;
			proxyType = 1;
			remoteGlobalIDString = 615B8EC92A7E232600EC58C4;
			remoteInfo = StorageService;
		};
/* End PBXContainerItemProxy section */

/* Begin PBXCopyFilesBuildPhase section */
		615B8ED22A7E232600EC58C4 /* Embed Frameworks */ = {
			isa = PBXCopyFilesBuildPhase;
			buildActionMask = 2147483647;
			dstPath = "";
			dstSubfolderSpec = 10;
			files = (
				615B8ED12A7E232600EC58C4 /* StorageService.framework in Embed Frameworks */,
			);
			name = "Embed Frameworks";
			runOnlyForDeploymentPostprocessing = 0;
		};
/* End PBXCopyFilesBuildPhase section */

/* Begin PBXFileReference section */
		610058902A501E0B00E8732C /* PhotosTableViewCell.swift */ = {isa = PBXFileReference; lastKnownFileType = sourcecode.swift; path = PhotosTableViewCell.swift; sourceTree = "<group>"; };
		610058922A50231500E8732C /* Photos.swift */ = {isa = PBXFileReference; lastKnownFileType = sourcecode.swift; path = Photos.swift; sourceTree = "<group>"; };
		610058942A51677A00E8732C /* PhotosViewController.swift */ = {isa = PBXFileReference; lastKnownFileType = sourcecode.swift; path = PhotosViewController.swift; sourceTree = "<group>"; };
		610058962A516B6700E8732C /* PhotosCollectionViewCell.swift */ = {isa = PBXFileReference; lastKnownFileType = sourcecode.swift; path = PhotosCollectionViewCell.swift; sourceTree = "<group>"; };
		610BE1B32A265BCB005E7CD1 /* Navigation.app */ = {isa = PBXFileReference; explicitFileType = wrapper.application; includeInIndex = 0; path = Navigation.app; sourceTree = BUILT_PRODUCTS_DIR; };
		610BE1B62A265BCB005E7CD1 /* AppDelegate.swift */ = {isa = PBXFileReference; lastKnownFileType = sourcecode.swift; path = AppDelegate.swift; sourceTree = "<group>"; };
		610BE1B82A265BCB005E7CD1 /* SceneDelegate.swift */ = {isa = PBXFileReference; lastKnownFileType = sourcecode.swift; path = SceneDelegate.swift; sourceTree = "<group>"; };
		610BE1BF2A265BCD005E7CD1 /* Assets.xcassets */ = {isa = PBXFileReference; lastKnownFileType = folder.assetcatalog; path = Assets.xcassets; sourceTree = "<group>"; };
		610BE1C22A265BCD005E7CD1 /* Base */ = {isa = PBXFileReference; lastKnownFileType = file.storyboard; name = Base; path = Base.lproj/LaunchScreen.storyboard; sourceTree = "<group>"; };
		610BE1C42A265BCD005E7CD1 /* Info.plist */ = {isa = PBXFileReference; lastKnownFileType = text.plist.xml; path = Info.plist; sourceTree = "<group>"; };
		610BE1CA2A26FCCA005E7CD1 /* FeedViewController.swift */ = {isa = PBXFileReference; lastKnownFileType = sourcecode.swift; path = FeedViewController.swift; sourceTree = "<group>"; };
		610BE1CC2A26FCEE005E7CD1 /* ProfileViewController.swift */ = {isa = PBXFileReference; lastKnownFileType = sourcecode.swift; path = ProfileViewController.swift; sourceTree = "<group>"; };
		610BE1CE2A2790B8005E7CD1 /* PostViewController.swift */ = {isa = PBXFileReference; lastKnownFileType = sourcecode.swift; path = PostViewController.swift; sourceTree = "<group>"; };
		610BE1D02A27BF19005E7CD1 /* Post.swift */ = {isa = PBXFileReference; lastKnownFileType = sourcecode.swift; path = Post.swift; sourceTree = "<group>"; };
		610BE1D22A2B54FE005E7CD1 /* InfoViewController.swift */ = {isa = PBXFileReference; lastKnownFileType = sourcecode.swift; path = InfoViewController.swift; sourceTree = "<group>"; };
		610D2F2E2AAD91BD0002DECC /* CustomButton.swift */ = {isa = PBXFileReference; lastKnownFileType = sourcecode.swift; path = CustomButton.swift; sourceTree = "<group>"; };
		610D2F302AADB0900002DECC /* FeedModel.swift */ = {isa = PBXFileReference; lastKnownFileType = sourcecode.swift; path = FeedModel.swift; sourceTree = "<group>"; };
		610D2F332AB9A13E0002DECC /* MainCoordinator.swift */ = {isa = PBXFileReference; lastKnownFileType = sourcecode.swift; path = MainCoordinator.swift; sourceTree = "<group>"; };
		610D2F352AB9A1C60002DECC /* MainTabBarController.swift */ = {isa = PBXFileReference; lastKnownFileType = sourcecode.swift; path = MainTabBarController.swift; sourceTree = "<group>"; };
		610D2F382AB9A20D0002DECC /* FactoryTab.swift */ = {isa = PBXFileReference; lastKnownFileType = sourcecode.swift; path = FactoryTab.swift; sourceTree = "<group>"; };
		610D2F3A2AB9A32F0002DECC /* FeedCoordinator.swift */ = {isa = PBXFileReference; lastKnownFileType = sourcecode.swift; path = FeedCoordinator.swift; sourceTree = "<group>"; };
		610D2F3C2AB9A6CA0002DECC /* ProfileCoordinator.swift */ = {isa = PBXFileReference; lastKnownFileType = sourcecode.swift; path = ProfileCoordinator.swift; sourceTree = "<group>"; };
		610D2F3E2AB9A8160002DECC /* ProfileModel.swift */ = {isa = PBXFileReference; lastKnownFileType = sourcecode.swift; path = ProfileModel.swift; sourceTree = "<group>"; };
		610D2F402AB9B28D0002DECC /* FeedViewModel.swift */ = {isa = PBXFileReference; lastKnownFileType = sourcecode.swift; path = FeedViewModel.swift; sourceTree = "<group>"; };
		610D2F422AB9BBCB0002DECC /* ProfileViewModel.swift */ = {isa = PBXFileReference; lastKnownFileType = sourcecode.swift; path = ProfileViewModel.swift; sourceTree = "<group>"; };
		610D2F442AB9C4650002DECC /* ExtensionUIViewController.swift */ = {isa = PBXFileReference; fileEncoding = 4; lastKnownFileType = sourcecode.swift; name = ExtensionUIViewController.swift; path = ../../../../../.Trash/ExtensionUIViewController.swift; sourceTree = "<group>"; };
		615B8ECA2A7E232600EC58C4 /* StorageService.framework */ = {isa = PBXFileReference; explicitFileType = wrapper.framework; includeInIndex = 0; path = StorageService.framework; sourceTree = BUILT_PRODUCTS_DIR; };
		615B8ECC2A7E232600EC58C4 /* StorageService.h */ = {isa = PBXFileReference; lastKnownFileType = sourcecode.c.h; path = StorageService.h; sourceTree = "<group>"; };
		615B8EDA2A7F8AD400EC58C4 /* User.swift */ = {isa = PBXFileReference; lastKnownFileType = sourcecode.swift; path = User.swift; sourceTree = "<group>"; };
		615B8EDC2A7F8CF100EC58C4 /* CurrentUserService.swift */ = {isa = PBXFileReference; lastKnownFileType = sourcecode.swift; path = CurrentUserService.swift; sourceTree = "<group>"; };
		615B8EDE2A7F9EF000EC58C4 /* TestUserService.swift */ = {isa = PBXFileReference; lastKnownFileType = sourcecode.swift; path = TestUserService.swift; sourceTree = "<group>"; };
		6171BE082A3B29BF00905F63 /* PostTableViewCell.swift */ = {isa = PBXFileReference; lastKnownFileType = sourcecode.swift; path = PostTableViewCell.swift; sourceTree = "<group>"; };
		617CCBF82A39851E002AA4EB /* LogInViewController.swift */ = {isa = PBXFileReference; lastKnownFileType = sourcecode.swift; path = LogInViewController.swift; sourceTree = "<group>"; };
		617CCBFA2A3A093B002AA4EB /* UserInfo.swift */ = {isa = PBXFileReference; lastKnownFileType = sourcecode.swift; path = UserInfo.swift; sourceTree = "<group>"; };
		61EAE6FD2A8D136A004DBCF8 /* Checker.swift */ = {isa = PBXFileReference; lastKnownFileType = sourcecode.swift; path = Checker.swift; sourceTree = "<group>"; };
		61F130412A30A96200E27506 /* ProfileHeaderView.swift */ = {isa = PBXFileReference; lastKnownFileType = sourcecode.swift; path = ProfileHeaderView.swift; sourceTree = "<group>"; };
/* End PBXFileReference section */

/* Begin PBXFrameworksBuildPhase section */
		610BE1B02A265BCB005E7CD1 /* Frameworks */ = {
			isa = PBXFrameworksBuildPhase;
			buildActionMask = 2147483647;
			files = (
				615B8ED02A7E232600EC58C4 /* StorageService.framework in Frameworks */,
				61EAE7042A91E22E004DBCF8 /* iOSIntPackage in Frameworks */,
			);
			runOnlyForDeploymentPostprocessing = 0;
		};
		615B8EC72A7E232600EC58C4 /* Frameworks */ = {
			isa = PBXFrameworksBuildPhase;
			buildActionMask = 2147483647;
			files = (
			);
			runOnlyForDeploymentPostprocessing = 0;
		};
/* End PBXFrameworksBuildPhase section */

/* Begin PBXGroup section */
		6100588B2A500DA200E8732C /* Post */ = {
			isa = PBXGroup;
			children = (
				6171BE082A3B29BF00905F63 /* PostTableViewCell.swift */,
				610BE1CE2A2790B8005E7CD1 /* PostViewController.swift */,
			);
			path = Post;
			sourceTree = "<group>";
		};
		6100588C2A500DCD00E8732C /* Feed */ = {
			isa = PBXGroup;
			children = (
				610BE1D22A2B54FE005E7CD1 /* InfoViewController.swift */,
				610D2F402AB9B28D0002DECC /* FeedViewModel.swift */,
				610D2F302AADB0900002DECC /* FeedModel.swift */,
				610BE1CA2A26FCCA005E7CD1 /* FeedViewController.swift */,
			);
			path = Feed;
			sourceTree = "<group>";
		};
		6100588E2A500E6500E8732C /* ProfileTable */ = {
			isa = PBXGroup;
			children = (
				6100588B2A500DA200E8732C /* Post */,
				61F130412A30A96200E27506 /* ProfileHeaderView.swift */,
				6100588F2A501DEE00E8732C /* Photos */,
			);
			path = ProfileTable;
			sourceTree = "<group>";
		};
		6100588F2A501DEE00E8732C /* Photos */ = {
			isa = PBXGroup;
			children = (
				610058902A501E0B00E8732C /* PhotosTableViewCell.swift */,
				610058942A51677A00E8732C /* PhotosViewController.swift */,
				610058962A516B6700E8732C /* PhotosCollectionViewCell.swift */,
				610058922A50231500E8732C /* Photos.swift */,
			);
			path = Photos;
			sourceTree = "<group>";
		};
		610BE1AA2A265BCB005E7CD1 = {
			isa = PBXGroup;
			children = (
				610BE1B52A265BCB005E7CD1 /* Navigation */,
				615B8ECB2A7E232600EC58C4 /* StorageService */,
				610BE1B42A265BCB005E7CD1 /* Products */,
			);
			sourceTree = "<group>";
		};
		610BE1B42A265BCB005E7CD1 /* Products */ = {
			isa = PBXGroup;
			children = (
				610BE1B32A265BCB005E7CD1 /* Navigation.app */,
				615B8ECA2A7E232600EC58C4 /* StorageService.framework */,
			);
			name = Products;
			sourceTree = "<group>";
		};
		610BE1B52A265BCB005E7CD1 /* Navigation */ = {
			isa = PBXGroup;
			children = (
				610D2F372AB9A1EA0002DECC /* Factory */,
				610D2F322AB9A0630002DECC /* Coordinators */,
				6100588C2A500DCD00E8732C /* Feed */,
				61F130402A30A91400E27506 /* Profile */,
				610BE1B62A265BCB005E7CD1 /* AppDelegate.swift */,
				610BE1B82A265BCB005E7CD1 /* SceneDelegate.swift */,
				610D2F442AB9C4650002DECC /* ExtensionUIViewController.swift */,
				610D2F2E2AAD91BD0002DECC /* CustomButton.swift */,
				610BE1BF2A265BCD005E7CD1 /* Assets.xcassets */,
				610BE1C12A265BCD005E7CD1 /* LaunchScreen.storyboard */,
				610BE1C42A265BCD005E7CD1 /* Info.plist */,
				615B8EDA2A7F8AD400EC58C4 /* User.swift */,
				615B8EDC2A7F8CF100EC58C4 /* CurrentUserService.swift */,
				615B8EDE2A7F9EF000EC58C4 /* TestUserService.swift */,
				61EAE6FD2A8D136A004DBCF8 /* Checker.swift */,
			);
			path = Navigation;
			sourceTree = "<group>";
		};
		610D2F322AB9A0630002DECC /* Coordinators */ = {
			isa = PBXGroup;
			children = (
				610D2F332AB9A13E0002DECC /* MainCoordinator.swift */,
				610D2F3A2AB9A32F0002DECC /* FeedCoordinator.swift */,
				610D2F3C2AB9A6CA0002DECC /* ProfileCoordinator.swift */,
				610D2F352AB9A1C60002DECC /* MainTabBarController.swift */,
			);
			path = Coordinators;
			sourceTree = "<group>";
		};
		610D2F372AB9A1EA0002DECC /* Factory */ = {
			isa = PBXGroup;
			children = (
				610D2F382AB9A20D0002DECC /* FactoryTab.swift */,
			);
			path = Factory;
			sourceTree = "<group>";
		};
		615B8ECB2A7E232600EC58C4 /* StorageService */ = {
			isa = PBXGroup;
			children = (
				610BE1D02A27BF19005E7CD1 /* Post.swift */,
				615B8ECC2A7E232600EC58C4 /* StorageService.h */,
			);
			path = StorageService;
			sourceTree = "<group>";
		};
		61F130402A30A91400E27506 /* Profile */ = {
			isa = PBXGroup;
			children = (
				6100588E2A500E6500E8732C /* ProfileTable */,
				610BE1CC2A26FCEE005E7CD1 /* ProfileViewController.swift */,
				610D2F3E2AB9A8160002DECC /* ProfileModel.swift */,
				610D2F422AB9BBCB0002DECC /* ProfileViewModel.swift */,
				617CCBFA2A3A093B002AA4EB /* UserInfo.swift */,
				617CCBF82A39851E002AA4EB /* LogInViewController.swift */,
			);
			path = Profile;
			sourceTree = "<group>";
		};
/* End PBXGroup section */

/* Begin PBXHeadersBuildPhase section */
		615B8EC52A7E232600EC58C4 /* Headers */ = {
			isa = PBXHeadersBuildPhase;
			buildActionMask = 2147483647;
			files = (
				615B8ECD2A7E232600EC58C4 /* StorageService.h in Headers */,
			);
			runOnlyForDeploymentPostprocessing = 0;
		};
/* End PBXHeadersBuildPhase section */

/* Begin PBXNativeTarget section */
		610BE1B22A265BCB005E7CD1 /* Navigation */ = {
			isa = PBXNativeTarget;
			buildConfigurationList = 610BE1C72A265BCD005E7CD1 /* Build configuration list for PBXNativeTarget "Navigation" */;
			buildPhases = (
				610BE1AF2A265BCB005E7CD1 /* Sources */,
				610BE1B02A265BCB005E7CD1 /* Frameworks */,
				610BE1B12A265BCB005E7CD1 /* Resources */,
				615B8ED22A7E232600EC58C4 /* Embed Frameworks */,
			);
			buildRules = (
			);
			dependencies = (
				615B8ECF2A7E232600EC58C4 /* PBXTargetDependency */,
			);
			name = Navigation;
			packageProductDependencies = (
				61EAE7032A91E22E004DBCF8 /* iOSIntPackage */,
			);
			productName = Navigation;
			productReference = 610BE1B32A265BCB005E7CD1 /* Navigation.app */;
			productType = "com.apple.product-type.application";
		};
		615B8EC92A7E232600EC58C4 /* StorageService */ = {
			isa = PBXNativeTarget;
			buildConfigurationList = 615B8ED52A7E232600EC58C4 /* Build configuration list for PBXNativeTarget "StorageService" */;
			buildPhases = (
				615B8EC52A7E232600EC58C4 /* Headers */,
				615B8EC62A7E232600EC58C4 /* Sources */,
				615B8EC72A7E232600EC58C4 /* Frameworks */,
				615B8EC82A7E232600EC58C4 /* Resources */,
			);
			buildRules = (
			);
			dependencies = (
			);
			name = StorageService;
			productName = StorageService;
			productReference = 615B8ECA2A7E232600EC58C4 /* StorageService.framework */;
			productType = "com.apple.product-type.framework";
		};
/* End PBXNativeTarget section */

/* Begin PBXProject section */
		610BE1AB2A265BCB005E7CD1 /* Project object */ = {
			isa = PBXProject;
			attributes = {
				BuildIndependentTargetsInParallel = 1;
				LastSwiftUpdateCheck = 1420;
				LastUpgradeCheck = 1420;
				TargetAttributes = {
					610BE1B22A265BCB005E7CD1 = {
						CreatedOnToolsVersion = 14.2;
					};
					615B8EC92A7E232600EC58C4 = {
						CreatedOnToolsVersion = 14.2;
					};
				};
			};
			buildConfigurationList = 610BE1AE2A265BCB005E7CD1 /* Build configuration list for PBXProject "Navigation" */;
			compatibilityVersion = "Xcode 14.0";
			developmentRegion = en;
			hasScannedForEncodings = 0;
			knownRegions = (
				en,
				Base,
			);
			mainGroup = 610BE1AA2A265BCB005E7CD1;
			packageReferences = (
				61EAE7022A91E22E004DBCF8 /* XCRemoteSwiftPackageReference "iOSIntPackage" */,
			);
			productRefGroup = 610BE1B42A265BCB005E7CD1 /* Products */;
			projectDirPath = "";
			projectRoot = "";
			targets = (
				610BE1B22A265BCB005E7CD1 /* Navigation */,
				615B8EC92A7E232600EC58C4 /* StorageService */,
			);
		};
/* End PBXProject section */

/* Begin PBXResourcesBuildPhase section */
		610BE1B12A265BCB005E7CD1 /* Resources */ = {
			isa = PBXResourcesBuildPhase;
			buildActionMask = 2147483647;
			files = (
				610BE1C32A265BCD005E7CD1 /* LaunchScreen.storyboard in Resources */,
				610BE1C02A265BCD005E7CD1 /* Assets.xcassets in Resources */,
			);
			runOnlyForDeploymentPostprocessing = 0;
		};
		615B8EC82A7E232600EC58C4 /* Resources */ = {
			isa = PBXResourcesBuildPhase;
			buildActionMask = 2147483647;
			files = (
			);
			runOnlyForDeploymentPostprocessing = 0;
		};
/* End PBXResourcesBuildPhase section */

/* Begin PBXSourcesBuildPhase section */
		610BE1AF2A265BCB005E7CD1 /* Sources */ = {
			isa = PBXSourcesBuildPhase;
			buildActionMask = 2147483647;
			files = (
				610058912A501E0B00E8732C /* PhotosTableViewCell.swift in Sources */,
				61EAE6FE2A8D136A004DBCF8 /* Checker.swift in Sources */,
				610D2F362AB9A1C60002DECC /* MainTabBarController.swift in Sources */,
				610058952A51677A00E8732C /* PhotosViewController.swift in Sources */,
				610BE1CF2A2790B8005E7CD1 /* PostViewController.swift in Sources */,
				610058932A50231500E8732C /* Photos.swift in Sources */,
				6171BE092A3B29BF00905F63 /* PostTableViewCell.swift in Sources */,
				617CCBF92A39851E002AA4EB /* LogInViewController.swift in Sources */,
				610D2F342AB9A13E0002DECC /* MainCoordinator.swift in Sources */,
				615B8EDB2A7F8AD400EC58C4 /* User.swift in Sources */,
				617CCBFB2A3A093B002AA4EB /* UserInfo.swift in Sources */,
				610D2F2F2AAD91BD0002DECC /* CustomButton.swift in Sources */,
				615B8EDD2A7F8CF100EC58C4 /* CurrentUserService.swift in Sources */,
				610D2F3F2AB9A8160002DECC /* ProfileModel.swift in Sources */,
				610D2F452AB9C4650002DECC /* ExtensionUIViewController.swift in Sources */,
				610D2F412AB9B28D0002DECC /* FeedViewModel.swift in Sources */,
				615B8EDF2A7F9EF000EC58C4 /* TestUserService.swift in Sources */,
				610D2F3D2AB9A6CA0002DECC /* ProfileCoordinator.swift in Sources */,
				610058972A516B6700E8732C /* PhotosCollectionViewCell.swift in Sources */,
				610BE1B72A265BCB005E7CD1 /* AppDelegate.swift in Sources */,
				610BE1CD2A26FCEE005E7CD1 /* ProfileViewController.swift in Sources */,
				610D2F392AB9A20D0002DECC /* FactoryTab.swift in Sources */,
				610BE1CB2A26FCCA005E7CD1 /* FeedViewController.swift in Sources */,
				610D2F432AB9BBCB0002DECC /* ProfileViewModel.swift in Sources */,
				61F130422A30A96200E27506 /* ProfileHeaderView.swift in Sources */,
				610D2F3B2AB9A32F0002DECC /* FeedCoordinator.swift in Sources */,
				610BE1D32A2B54FE005E7CD1 /* InfoViewController.swift in Sources */,
				610BE1B92A265BCB005E7CD1 /* SceneDelegate.swift in Sources */,
				610D2F312AADB0900002DECC /* FeedModel.swift in Sources */,
			);
			runOnlyForDeploymentPostprocessing = 0;
		};
		615B8EC62A7E232600EC58C4 /* Sources */ = {
			isa = PBXSourcesBuildPhase;
			buildActionMask = 2147483647;
			files = (
				615B8ED62A7E235300EC58C4 /* Post.swift in Sources */,
			);
			runOnlyForDeploymentPostprocessing = 0;
		};
/* End PBXSourcesBuildPhase section */

/* Begin PBXTargetDependency section */
		615B8ECF2A7E232600EC58C4 /* PBXTargetDependency */ = {
			isa = PBXTargetDependency;
			target = 615B8EC92A7E232600EC58C4 /* StorageService */;
			targetProxy = 615B8ECE2A7E232600EC58C4 /* PBXContainerItemProxy */;
		};
/* End PBXTargetDependency section */

/* Begin PBXVariantGroup section */
		610BE1C12A265BCD005E7CD1 /* LaunchScreen.storyboard */ = {
			isa = PBXVariantGroup;
			children = (
				610BE1C22A265BCD005E7CD1 /* Base */,
			);
			name = LaunchScreen.storyboard;
			sourceTree = "<group>";
		};
/* End PBXVariantGroup section */

/* Begin XCBuildConfiguration section */
		610BE1C52A265BCD005E7CD1 /* Debug */ = {
			isa = XCBuildConfiguration;
			buildSettings = {
				ALWAYS_SEARCH_USER_PATHS = NO;
				CLANG_ANALYZER_NONNULL = YES;
				CLANG_ANALYZER_NUMBER_OBJECT_CONVERSION = YES_AGGRESSIVE;
				CLANG_CXX_LANGUAGE_STANDARD = "gnu++20";
				CLANG_ENABLE_MODULES = YES;
				CLANG_ENABLE_OBJC_ARC = YES;
				CLANG_ENABLE_OBJC_WEAK = YES;
				CLANG_WARN_BLOCK_CAPTURE_AUTORELEASING = YES;
				CLANG_WARN_BOOL_CONVERSION = YES;
				CLANG_WARN_COMMA = YES;
				CLANG_WARN_CONSTANT_CONVERSION = YES;
				CLANG_WARN_DEPRECATED_OBJC_IMPLEMENTATIONS = YES;
				CLANG_WARN_DIRECT_OBJC_ISA_USAGE = YES_ERROR;
				CLANG_WARN_DOCUMENTATION_COMMENTS = YES;
				CLANG_WARN_EMPTY_BODY = YES;
				CLANG_WARN_ENUM_CONVERSION = YES;
				CLANG_WARN_INFINITE_RECURSION = YES;
				CLANG_WARN_INT_CONVERSION = YES;
				CLANG_WARN_NON_LITERAL_NULL_CONVERSION = YES;
				CLANG_WARN_OBJC_IMPLICIT_RETAIN_SELF = YES;
				CLANG_WARN_OBJC_LITERAL_CONVERSION = YES;
				CLANG_WARN_OBJC_ROOT_CLASS = YES_ERROR;
				CLANG_WARN_QUOTED_INCLUDE_IN_FRAMEWORK_HEADER = YES;
				CLANG_WARN_RANGE_LOOP_ANALYSIS = YES;
				CLANG_WARN_STRICT_PROTOTYPES = YES;
				CLANG_WARN_SUSPICIOUS_MOVE = YES;
				CLANG_WARN_UNGUARDED_AVAILABILITY = YES_AGGRESSIVE;
				CLANG_WARN_UNREACHABLE_CODE = YES;
				CLANG_WARN__DUPLICATE_METHOD_MATCH = YES;
				COPY_PHASE_STRIP = NO;
				DEBUG_INFORMATION_FORMAT = dwarf;
				ENABLE_STRICT_OBJC_MSGSEND = YES;
				ENABLE_TESTABILITY = YES;
				GCC_C_LANGUAGE_STANDARD = gnu11;
				GCC_DYNAMIC_NO_PIC = NO;
				GCC_NO_COMMON_BLOCKS = YES;
				GCC_OPTIMIZATION_LEVEL = 0;
				GCC_PREPROCESSOR_DEFINITIONS = (
					"DEBUG=1",
					"$(inherited)",
				);
				GCC_WARN_64_TO_32_BIT_CONVERSION = YES;
				GCC_WARN_ABOUT_RETURN_TYPE = YES_ERROR;
				GCC_WARN_UNDECLARED_SELECTOR = YES;
				GCC_WARN_UNINITIALIZED_AUTOS = YES_AGGRESSIVE;
				GCC_WARN_UNUSED_FUNCTION = YES;
				GCC_WARN_UNUSED_VARIABLE = YES;
				IPHONEOS_DEPLOYMENT_TARGET = 16.2;
				MTL_ENABLE_DEBUG_INFO = INCLUDE_SOURCE;
				MTL_FAST_MATH = YES;
				ONLY_ACTIVE_ARCH = YES;
				SDKROOT = iphoneos;
				SWIFT_ACTIVE_COMPILATION_CONDITIONS = DEBUG;
				SWIFT_OPTIMIZATION_LEVEL = "-Onone";
			};
			name = Debug;
		};
		610BE1C62A265BCD005E7CD1 /* Release */ = {
			isa = XCBuildConfiguration;
			buildSettings = {
				ALWAYS_SEARCH_USER_PATHS = NO;
				CLANG_ANALYZER_NONNULL = YES;
				CLANG_ANALYZER_NUMBER_OBJECT_CONVERSION = YES_AGGRESSIVE;
				CLANG_CXX_LANGUAGE_STANDARD = "gnu++20";
				CLANG_ENABLE_MODULES = YES;
				CLANG_ENABLE_OBJC_ARC = YES;
				CLANG_ENABLE_OBJC_WEAK = YES;
				CLANG_WARN_BLOCK_CAPTURE_AUTORELEASING = YES;
				CLANG_WARN_BOOL_CONVERSION = YES;
				CLANG_WARN_COMMA = YES;
				CLANG_WARN_CONSTANT_CONVERSION = YES;
				CLANG_WARN_DEPRECATED_OBJC_IMPLEMENTATIONS = YES;
				CLANG_WARN_DIRECT_OBJC_ISA_USAGE = YES_ERROR;
				CLANG_WARN_DOCUMENTATION_COMMENTS = YES;
				CLANG_WARN_EMPTY_BODY = YES;
				CLANG_WARN_ENUM_CONVERSION = YES;
				CLANG_WARN_INFINITE_RECURSION = YES;
				CLANG_WARN_INT_CONVERSION = YES;
				CLANG_WARN_NON_LITERAL_NULL_CONVERSION = YES;
				CLANG_WARN_OBJC_IMPLICIT_RETAIN_SELF = YES;
				CLANG_WARN_OBJC_LITERAL_CONVERSION = YES;
				CLANG_WARN_OBJC_ROOT_CLASS = YES_ERROR;
				CLANG_WARN_QUOTED_INCLUDE_IN_FRAMEWORK_HEADER = YES;
				CLANG_WARN_RANGE_LOOP_ANALYSIS = YES;
				CLANG_WARN_STRICT_PROTOTYPES = YES;
				CLANG_WARN_SUSPICIOUS_MOVE = YES;
				CLANG_WARN_UNGUARDED_AVAILABILITY = YES_AGGRESSIVE;
				CLANG_WARN_UNREACHABLE_CODE = YES;
				CLANG_WARN__DUPLICATE_METHOD_MATCH = YES;
				COPY_PHASE_STRIP = NO;
				DEBUG_INFORMATION_FORMAT = "dwarf-with-dsym";
				ENABLE_NS_ASSERTIONS = NO;
				ENABLE_STRICT_OBJC_MSGSEND = YES;
				GCC_C_LANGUAGE_STANDARD = gnu11;
				GCC_NO_COMMON_BLOCKS = YES;
				GCC_WARN_64_TO_32_BIT_CONVERSION = YES;
				GCC_WARN_ABOUT_RETURN_TYPE = YES_ERROR;
				GCC_WARN_UNDECLARED_SELECTOR = YES;
				GCC_WARN_UNINITIALIZED_AUTOS = YES_AGGRESSIVE;
				GCC_WARN_UNUSED_FUNCTION = YES;
				GCC_WARN_UNUSED_VARIABLE = YES;
				IPHONEOS_DEPLOYMENT_TARGET = 16.2;
				MTL_ENABLE_DEBUG_INFO = NO;
				MTL_FAST_MATH = YES;
				SDKROOT = iphoneos;
				SWIFT_COMPILATION_MODE = wholemodule;
				SWIFT_OPTIMIZATION_LEVEL = "-O";
				VALIDATE_PRODUCT = YES;
			};
			name = Release;
		};
		610BE1C82A265BCD005E7CD1 /* Debug */ = {
			isa = XCBuildConfiguration;
			buildSettings = {
				ALWAYS_EMBED_SWIFT_STANDARD_LIBRARIES = YES;
				ASSETCATALOG_COMPILER_APPICON_NAME = AppIcon;
				ASSETCATALOG_COMPILER_GLOBAL_ACCENT_COLOR_NAME = AccentColor;
				CODE_SIGN_STYLE = Automatic;
				CURRENT_PROJECT_VERSION = 1;
				GENERATE_INFOPLIST_FILE = YES;
				INFOPLIST_FILE = Navigation/Info.plist;
				INFOPLIST_KEY_UIApplicationSupportsIndirectInputEvents = YES;
				INFOPLIST_KEY_UILaunchStoryboardName = LaunchScreen;
				INFOPLIST_KEY_UISupportedInterfaceOrientations_iPad = "UIInterfaceOrientationPortrait UIInterfaceOrientationPortraitUpsideDown UIInterfaceOrientationLandscapeLeft UIInterfaceOrientationLandscapeRight";
				INFOPLIST_KEY_UISupportedInterfaceOrientations_iPhone = "UIInterfaceOrientationPortrait UIInterfaceOrientationLandscapeLeft UIInterfaceOrientationLandscapeRight";
				IPHONEOS_DEPLOYMENT_TARGET = 14.0;
				LD_RUNPATH_SEARCH_PATHS = (
					"$(inherited)",
					"@executable_path/Frameworks",
				);
				MARKETING_VERSION = 1.0;
				PRODUCT_BUNDLE_IDENTIFIER = com.nagaevaki.Navigation;
				PRODUCT_NAME = "$(TARGET_NAME)";
				SUPPORTED_PLATFORMS = "iphoneos iphonesimulator";
				SUPPORTS_MACCATALYST = NO;
				SUPPORTS_MAC_DESIGNED_FOR_IPHONE_IPAD = NO;
				SWIFT_EMIT_LOC_STRINGS = YES;
				SWIFT_VERSION = 5.0;
				TARGETED_DEVICE_FAMILY = 1;
			};
			name = Debug;
		};
		610BE1C92A265BCD005E7CD1 /* Release */ = {
			isa = XCBuildConfiguration;
			buildSettings = {
				ALWAYS_EMBED_SWIFT_STANDARD_LIBRARIES = YES;
				ASSETCATALOG_COMPILER_APPICON_NAME = AppIcon;
				ASSETCATALOG_COMPILER_GLOBAL_ACCENT_COLOR_NAME = AccentColor;
				CODE_SIGN_STYLE = Automatic;
				CURRENT_PROJECT_VERSION = 1;
				GENERATE_INFOPLIST_FILE = YES;
				INFOPLIST_FILE = Navigation/Info.plist;
				INFOPLIST_KEY_UIApplicationSupportsIndirectInputEvents = YES;
				INFOPLIST_KEY_UILaunchStoryboardName = LaunchScreen;
				INFOPLIST_KEY_UISupportedInterfaceOrientations_iPad = "UIInterfaceOrientationPortrait UIInterfaceOrientationPortraitUpsideDown UIInterfaceOrientationLandscapeLeft UIInterfaceOrientationLandscapeRight";
				INFOPLIST_KEY_UISupportedInterfaceOrientations_iPhone = "UIInterfaceOrientationPortrait UIInterfaceOrientationLandscapeLeft UIInterfaceOrientationLandscapeRight";
				IPHONEOS_DEPLOYMENT_TARGET = 14.0;
				LD_RUNPATH_SEARCH_PATHS = (
					"$(inherited)",
					"@executable_path/Frameworks",
				);
				MARKETING_VERSION = 1.0;
				PRODUCT_BUNDLE_IDENTIFIER = com.nagaevaki.Navigation;
				PRODUCT_NAME = "$(TARGET_NAME)";
				SUPPORTED_PLATFORMS = "iphoneos iphonesimulator";
				SUPPORTS_MACCATALYST = NO;
				SUPPORTS_MAC_DESIGNED_FOR_IPHONE_IPAD = NO;
				SWIFT_EMIT_LOC_STRINGS = YES;
				SWIFT_VERSION = 5.0;
				TARGETED_DEVICE_FAMILY = 1;
			};
			name = Release;
		};
		615B8ED32A7E232600EC58C4 /* Debug */ = {
			isa = XCBuildConfiguration;
			buildSettings = {
				CODE_SIGN_STYLE = Automatic;
				CURRENT_PROJECT_VERSION = 1;
				DEFINES_MODULE = YES;
				DYLIB_COMPATIBILITY_VERSION = 1;
				DYLIB_CURRENT_VERSION = 1;
				DYLIB_INSTALL_NAME_BASE = "@rpath";
				GENERATE_INFOPLIST_FILE = YES;
				INFOPLIST_KEY_NSHumanReadableCopyright = "";
				INSTALL_PATH = "$(LOCAL_LIBRARY_DIR)/Frameworks";
				IPHONEOS_DEPLOYMENT_TARGET = 14.0;
				LD_RUNPATH_SEARCH_PATHS = (
					"$(inherited)",
					"@executable_path/Frameworks",
					"@loader_path/Frameworks",
				);
				MARKETING_VERSION = 1.0;
				PRODUCT_BUNDLE_IDENTIFIER = com.nagaevaki.Navigation.StorageService;
				PRODUCT_NAME = "$(TARGET_NAME:c99extidentifier)";
				SKIP_INSTALL = YES;
				SWIFT_EMIT_LOC_STRINGS = YES;
				SWIFT_VERSION = 5.0;
				TARGETED_DEVICE_FAMILY = "1,2";
				VERSIONING_SYSTEM = "apple-generic";
				VERSION_INFO_PREFIX = "";
			};
			name = Debug;
		};
		615B8ED42A7E232600EC58C4 /* Release */ = {
			isa = XCBuildConfiguration;
			buildSettings = {
				CODE_SIGN_STYLE = Automatic;
				CURRENT_PROJECT_VERSION = 1;
				DEFINES_MODULE = YES;
				DYLIB_COMPATIBILITY_VERSION = 1;
				DYLIB_CURRENT_VERSION = 1;
				DYLIB_INSTALL_NAME_BASE = "@rpath";
				GENERATE_INFOPLIST_FILE = YES;
				INFOPLIST_KEY_NSHumanReadableCopyright = "";
				INSTALL_PATH = "$(LOCAL_LIBRARY_DIR)/Frameworks";
				IPHONEOS_DEPLOYMENT_TARGET = 14.0;
				LD_RUNPATH_SEARCH_PATHS = (
					"$(inherited)",
					"@executable_path/Frameworks",
					"@loader_path/Frameworks",
				);
				MARKETING_VERSION = 1.0;
				PRODUCT_BUNDLE_IDENTIFIER = com.nagaevaki.Navigation.StorageService;
				PRODUCT_NAME = "$(TARGET_NAME:c99extidentifier)";
				SKIP_INSTALL = YES;
				SWIFT_EMIT_LOC_STRINGS = YES;
				SWIFT_VERSION = 5.0;
				TARGETED_DEVICE_FAMILY = "1,2";
				VERSIONING_SYSTEM = "apple-generic";
				VERSION_INFO_PREFIX = "";
			};
			name = Release;
		};
/* End XCBuildConfiguration section */

/* Begin XCConfigurationList section */
		610BE1AE2A265BCB005E7CD1 /* Build configuration list for PBXProject "Navigation" */ = {
			isa = XCConfigurationList;
			buildConfigurations = (
				610BE1C52A265BCD005E7CD1 /* Debug */,
				610BE1C62A265BCD005E7CD1 /* Release */,
			);
			defaultConfigurationIsVisible = 0;
			defaultConfigurationName = Release;
		};
		610BE1C72A265BCD005E7CD1 /* Build configuration list for PBXNativeTarget "Navigation" */ = {
			isa = XCConfigurationList;
			buildConfigurations = (
				610BE1C82A265BCD005E7CD1 /* Debug */,
				610BE1C92A265BCD005E7CD1 /* Release */,
			);
			defaultConfigurationIsVisible = 0;
			defaultConfigurationName = Release;
		};
		615B8ED52A7E232600EC58C4 /* Build configuration list for PBXNativeTarget "StorageService" */ = {
			isa = XCConfigurationList;
			buildConfigurations = (
				615B8ED32A7E232600EC58C4 /* Debug */,
				615B8ED42A7E232600EC58C4 /* Release */,
			);
			defaultConfigurationIsVisible = 0;
			defaultConfigurationName = Release;
		};
/* End XCConfigurationList section */

/* Begin XCRemoteSwiftPackageReference section */
		61EAE7022A91E22E004DBCF8 /* XCRemoteSwiftPackageReference "iOSIntPackage" */ = {
			isa = XCRemoteSwiftPackageReference;
			repositoryURL = "https://github.com/TrueMax/iOSIntPackage";
			requirement = {
				branch = imagepublisher;
				kind = branch;
			};
		};
/* End XCRemoteSwiftPackageReference section */

/* Begin XCSwiftPackageProductDependency section */
		61EAE7032A91E22E004DBCF8 /* iOSIntPackage */ = {
			isa = XCSwiftPackageProductDependency;
			package = 61EAE7022A91E22E004DBCF8 /* XCRemoteSwiftPackageReference "iOSIntPackage" */;
			productName = iOSIntPackage;
		};
/* End XCSwiftPackageProductDependency section */
	};
	rootObject = 610BE1AB2A265BCB005E7CD1 /* Project object */;
}
